
Microsoft Visual Studio Solution File, Format Version 12.00
# Visual Studio Version 17
VisualStudioVersion = 17.9.34616.47
MinimumVisualStudioVersion = 10.0.40219.1
Project("{FAE04EC0-301F-11D3-BF4B-00C04F79EFBC}") = "AnimePlayer.Api", "AnimePlayer.Api\AnimePlayer.Api.csproj", "{96939A0C-D0F8-4DBF-A72B-60A91426E1D8}"
EndProject
Project("{FAE04EC0-301F-11D3-BF4B-00C04F79EFBC}") = "AnimePlayer.Core", "AnimePlayer.Core\AnimePlayer.Core.csproj", "{DA045A63-76D8-4875-A55F-50B4A194E066}"
EndProject
Global
	GlobalSection(SolutionConfigurationPlatforms) = preSolution
		Debug|Any CPU = Debug|Any CPU
		Release|Any CPU = Release|Any CPU
	EndGlobalSection
	GlobalSection(ProjectConfigurationPlatforms) = postSolution
		{96939A0C-D0F8-4DBF-A72B-60A91426E1D8}.Debug|Any CPU.ActiveCfg = Debug|Any CPU
		{96939A0C-D0F8-4DBF-A72B-60A91426E1D8}.Debug|Any CPU.Build.0 = Debug|Any CPU
		{96939A0C-D0F8-4DBF-A72B-60A91426E1D8}.Release|Any CPU.ActiveCfg = Release|Any CPU
		{96939A0C-D0F8-4DBF-A72B-60A91426E1D8}.Release|Any CPU.Build.0 = Release|Any CPU
		{DA045A63-76D8-4875-A55F-50B4A194E066}.Debug|Any CPU.ActiveCfg = Debug|Any CPU
		{DA045A63-76D8-4875-A55F-50B4A194E066}.Debug|Any CPU.Build.0 = Debug|Any CPU
		{DA045A63-76D8-4875-A55F-50B4A194E066}.Release|Any CPU.ActiveCfg = Release|Any CPU
		{DA045A63-76D8-4875-A55F-50B4A194E066}.Release|Any CPU.Build.0 = Release|Any CPU
	EndGlobalSection
	GlobalSection(SolutionProperties) = preSolution
		HideSolutionNode = FALSE
	EndGlobalSection
	GlobalSection(ExtensibilityGlobals) = postSolution
		SolutionGuid = {D0C4E381-C38D-486E-A5D4-CB8581D45896}
	EndGlobalSection
EndGlobal
