
Microsoft Visual Studio Solution File, Format Version 12.00
# Visual Studio Version 17
VisualStudioVersion = 17.9.34616.47
MinimumVisualStudioVersion = 10.0.40219.1
Project("{9A19103F-16F7-4668-BE54-9A1E7A4F7556}") = "AnimePlayer.Api", "AnimePlayer.Api\AnimePlayer.Api.csproj", "{96939A0C-D0F8-4DBF-A72B-60A91426E1D8}"
EndProject
Project("{9A19103F-16F7-4668-BE54-9A1E7A4F7556}") = "AnimePlayer.Core", "AnimePlayer.Core\AnimePlayer.Core.csproj", "{DA045A63-76D8-4875-A55F-50B4A194E066}"
EndProject
Project("{9A19103F-16F7-4668-BE54-9A1E7A4F7556}") = "AnimePlayer.DataAccess", "AnimePlayer.DataAccess\AnimePlayer.DataAccess.csproj", "{3A3AA33F-B684-489A-9FE5-DCBA52E0C83A}"
EndProject
Project("{E53339B2-1760-4266-BCC7-CA923CBCF16C}") = "docker-compose", "docker-compose.dcproj", "{5207662A-B32D-4C0F-86CE-8E82DF89B879}"
EndProject
Project("{FAE04EC0-301F-11D3-BF4B-00C04F79EFBC}") = "AnimePlayer.Application", "AnimePlayer.Application\AnimePlayer.Application.csproj", "{7F2C6DA6-4AD7-45E7-A21E-CEDCAC6B4D1D}"
EndProject
Global
	GlobalSection(SolutionConfigurationPlatforms) = preSolution
		Debug|Any CPU = Debug|Any CPU
		Release|Any CPU = Release|Any CPU
	EndGlobalSection
	GlobalSection(ProjectConfigurationPlatforms) = postSolution
		{96939A0C-D0F8-4DBF-A72B-60A91426E1D8}.Debug|Any CPU.ActiveCfg = Debug|Any CPU
		{96939A0C-D0F8-4DBF-A72B-60A91426E1D8}.Debug|Any CPU.Build.0 = Debug|Any CPU
		{96939A0C-D0F8-4DBF-A72B-60A91426E1D8}.Release|Any CPU.ActiveCfg = Release|Any CPU
		{96939A0C-D0F8-4DBF-A72B-60A91426E1D8}.Release|Any CPU.Build.0 = Release|Any CPU
		{DA045A63-76D8-4875-A55F-50B4A194E066}.Debug|Any CPU.ActiveCfg = Debug|Any CPU
		{DA045A63-76D8-4875-A55F-50B4A194E066}.Debug|Any CPU.Build.0 = Debug|Any CPU
		{DA045A63-76D8-4875-A55F-50B4A194E066}.Release|Any CPU.ActiveCfg = Release|Any CPU
		{DA045A63-76D8-4875-A55F-50B4A194E066}.Release|Any CPU.Build.0 = Release|Any CPU
		{3A3AA33F-B684-489A-9FE5-DCBA52E0C83A}.Debug|Any CPU.ActiveCfg = Debug|Any CPU
		{3A3AA33F-B684-489A-9FE5-DCBA52E0C83A}.Debug|Any CPU.Build.0 = Debug|Any CPU
		{3A3AA33F-B684-489A-9FE5-DCBA52E0C83A}.Release|Any CPU.ActiveCfg = Release|Any CPU
		{3A3AA33F-B684-489A-9FE5-DCBA52E0C83A}.Release|Any CPU.Build.0 = Release|Any CPU
		{5207662A-B32D-4C0F-86CE-8E82DF89B879}.Debug|Any CPU.ActiveCfg = Debug|Any CPU
		{5207662A-B32D-4C0F-86CE-8E82DF89B879}.Debug|Any CPU.Build.0 = Debug|Any CPU
		{5207662A-B32D-4C0F-86CE-8E82DF89B879}.Release|Any CPU.ActiveCfg = Release|Any CPU
		{5207662A-B32D-4C0F-86CE-8E82DF89B879}.Release|Any CPU.Build.0 = Release|Any CPU
		{7F2C6DA6-4AD7-45E7-A21E-CEDCAC6B4D1D}.Debug|Any CPU.ActiveCfg = Debug|Any CPU
		{7F2C6DA6-4AD7-45E7-A21E-CEDCAC6B4D1D}.Debug|Any CPU.Build.0 = Debug|Any CPU
		{7F2C6DA6-4AD7-45E7-A21E-CEDCAC6B4D1D}.Release|Any CPU.ActiveCfg = Release|Any CPU
		{7F2C6DA6-4AD7-45E7-A21E-CEDCAC6B4D1D}.Release|Any CPU.Build.0 = Release|Any CPU
	EndGlobalSection
	GlobalSection(SolutionProperties) = preSolution
		HideSolutionNode = FALSE
	EndGlobalSection
	GlobalSection(ExtensibilityGlobals) = postSolution
		SolutionGuid = {D0C4E381-C38D-486E-A5D4-CB8581D45896}
	EndGlobalSection
EndGlobal
